// !$*UTF8*$!
{
	archiveVersion = 1;
	classes = {
	};
	objectVersion = 48;
	objects = {

/* Begin PBXBuildFile section */
		232CD3EC1FB4ED5200AAFE8C /* CategroyTableViewCell.swift in Sources */ = {isa = PBXBuildFile; fileRef = 232CD3EB1FB4ED5200AAFE8C /* CategroyTableViewCell.swift */; };
		23BEFDFD1FBD0D8300A37552 /* KeyBoardFunctions.swift in Sources */ = {isa = PBXBuildFile; fileRef = 23BEFDFC1FBD0D8300A37552 /* KeyBoardFunctions.swift */; };
		23DD43071FB210FA008DCE5B /* AppDelegate.swift in Sources */ = {isa = PBXBuildFile; fileRef = 23DD43061FB210FA008DCE5B /* AppDelegate.swift */; };
		23DD430E1FB210FA008DCE5B /* Assets.xcassets in Resources */ = {isa = PBXBuildFile; fileRef = 23DD430D1FB210FA008DCE5B /* Assets.xcassets */; };
		23DD43111FB210FA008DCE5B /* LaunchScreen.storyboard in Resources */ = {isa = PBXBuildFile; fileRef = 23DD430F1FB210FA008DCE5B /* LaunchScreen.storyboard */; };
		23DD431F1FB212DB008DCE5B /* Account.swift in Sources */ = {isa = PBXBuildFile; fileRef = 23DD431E1FB212DB008DCE5B /* Account.swift */; };
		23DD43271FB227ED008DCE5B /* Transaction.swift in Sources */ = {isa = PBXBuildFile; fileRef = 23DD43261FB227ED008DCE5B /* Transaction.swift */; };
		23DD43291FB22805008DCE5B /* BudgetItem.swift in Sources */ = {isa = PBXBuildFile; fileRef = 23DD43281FB22805008DCE5B /* BudgetItem.swift */; };
		23DD432B1FB22AD7008DCE5B /* PlannedExpense.swift in Sources */ = {isa = PBXBuildFile; fileRef = 23DD432A1FB22AD7008DCE5B /* PlannedExpense.swift */; };
		23DD43321FB23972008DCE5B /* CloudKit.framework in Frameworks */ = {isa = PBXBuildFile; fileRef = 23DD43311FB23972008DCE5B /* CloudKit.framework */; };
		23DD433A1FB259BA008DCE5B /* AccountController.swift in Sources */ = {isa = PBXBuildFile; fileRef = 23DD43391FB259BA008DCE5B /* AccountController.swift */; };
		23DD433C1FB259DA008DCE5B /* TransactionContoller.swift in Sources */ = {isa = PBXBuildFile; fileRef = 23DD433B1FB259DA008DCE5B /* TransactionContoller.swift */; };
		23DD433F1FB25A33008DCE5B /* CloudKitManager.swift in Sources */ = {isa = PBXBuildFile; fileRef = 23DD433E1FB25A33008DCE5B /* CloudKitManager.swift */; };
		23DD43441FB263D4008DCE5B /* PlannedExpenseController.swift in Sources */ = {isa = PBXBuildFile; fileRef = 23DD43431FB263D4008DCE5B /* PlannedExpenseController.swift */; };
		23DD43461FB26E39008DCE5B /* BudgetItemController.swift in Sources */ = {isa = PBXBuildFile; fileRef = 23DD43451FB26E39008DCE5B /* BudgetItemController.swift */; };
		23DD434A1FB27B00008DCE5B /* AccountTableViewController.swift in Sources */ = {isa = PBXBuildFile; fileRef = 23DD43491FB27B00008DCE5B /* AccountTableViewController.swift */; };
		23DD43821FB39C1F008DCE5B /* TransactionTableViewController.swift in Sources */ = {isa = PBXBuildFile; fileRef = 23DD43811FB39C1F008DCE5B /* TransactionTableViewController.swift */; };
		23EE8A041FB65032008928D4 /* TransactionTableViewCell.swift in Sources */ = {isa = PBXBuildFile; fileRef = 23EE8A031FB65032008928D4 /* TransactionTableViewCell.swift */; };
		9255C3A01FBA8024002EBE5D /* Theme.swift in Sources */ = {isa = PBXBuildFile; fileRef = 9255C39F1FBA8024002EBE5D /* Theme.swift */; };
		9255C3A41FBB5DFB002EBE5D /* Globals.swift in Sources */ = {isa = PBXBuildFile; fileRef = 9255C3A31FBB5DFB002EBE5D /* Globals.swift */; };
		9291F09C1FBA1AD700114CD1 /* Functions.swift in Sources */ = {isa = PBXBuildFile; fileRef = 9291F09B1FBA1AD700114CD1 /* Functions.swift */; };
		92993C4E1FB3AF0000D22373 /* LineGraphView.swift in Sources */ = {isa = PBXBuildFile; fileRef = 92993C4D1FB3AF0000D22373 /* LineGraphView.swift */; };
		92993C501FB3AF2300D22373 /* PieChartView.swift in Sources */ = {isa = PBXBuildFile; fileRef = 92993C4F1FB3AF2300D22373 /* PieChartView.swift */; };
		92993C811FB4C43100D22373 /* AnaylsisPageViewController.swift in Sources */ = {isa = PBXBuildFile; fileRef = 92993C801FB4C43100D22373 /* AnaylsisPageViewController.swift */; };
		92993C831FB4C44200D22373 /* PieChartViewController.swift in Sources */ = {isa = PBXBuildFile; fileRef = 92993C821FB4C44200D22373 /* PieChartViewController.swift */; };
		92993C851FB4C45600D22373 /* BudgetLineGraphViewController.swift in Sources */ = {isa = PBXBuildFile; fileRef = 92993C841FB4C45600D22373 /* BudgetLineGraphViewController.swift */; };
		92993C871FB4C46B00D22373 /* PlannedExpensesLineGraphViewController.swift in Sources */ = {isa = PBXBuildFile; fileRef = 92993C861FB4C46B00D22373 /* PlannedExpensesLineGraphViewController.swift */; };
		92993C891FB4C58300D22373 /* Keys.swift in Sources */ = {isa = PBXBuildFile; fileRef = 92993C881FB4C58300D22373 /* Keys.swift */; };
		92993C8B1FB4E1FA00D22373 /* Notifications.swift in Sources */ = {isa = PBXBuildFile; fileRef = 92993C8A1FB4E1FA00D22373 /* Notifications.swift */; };
		92E6603F1FB5531500D871BE /* Test.swift in Sources */ = {isa = PBXBuildFile; fileRef = 92E6603E1FB5531500D871BE /* Test.swift */; };
		D314F1301FB379A70051C5BE /* OverviewTabBar.storyboard in Resources */ = {isa = PBXBuildFile; fileRef = D314F12F1FB379A70051C5BE /* OverviewTabBar.storyboard */; };
		D314F1321FB37BC20051C5BE /* CustomTabBarViewController.swift in Sources */ = {isa = PBXBuildFile; fileRef = D314F1311FB37BC20051C5BE /* CustomTabBarViewController.swift */; };
		D38EF9651FB218620035B5E3 /* Transactions.storyboard in Resources */ = {isa = PBXBuildFile; fileRef = D38EF95D1FB218610035B5E3 /* Transactions.storyboard */; };
		D38EF9661FB218620035B5E3 /* TransactionsDetailView.storyboard in Resources */ = {isa = PBXBuildFile; fileRef = D38EF95E1FB218610035B5E3 /* TransactionsDetailView.storyboard */; };
		D38EF9671FB218620035B5E3 /* PlannedExpensesDetailView.storyboard in Resources */ = {isa = PBXBuildFile; fileRef = D38EF95F1FB218610035B5E3 /* PlannedExpensesDetailView.storyboard */; };
		D38EF9691FB218620035B5E3 /* Analysis.storyboard in Resources */ = {isa = PBXBuildFile; fileRef = D38EF9611FB218610035B5E3 /* Analysis.storyboard */; };
		D38EF96A1FB218620035B5E3 /* MonthlyBudget.storyboard in Resources */ = {isa = PBXBuildFile; fileRef = D38EF9621FB218610035B5E3 /* MonthlyBudget.storyboard */; };
		D38EF96B1FB218620035B5E3 /* PlannedExpenses.storyboard in Resources */ = {isa = PBXBuildFile; fileRef = D38EF9631FB218610035B5E3 /* PlannedExpenses.storyboard */; };
		D38EF96C1FB218620035B5E3 /* AccountDetails.storyboard in Resources */ = {isa = PBXBuildFile; fileRef = D38EF9641FB218610035B5E3 /* AccountDetails.storyboard */; };
		D38EF97B1FB230950035B5E3 /* AccountDetailsViewController.swift in Sources */ = {isa = PBXBuildFile; fileRef = D38EF9721FB230950035B5E3 /* AccountDetailsViewController.swift */; };
		D38EF97D1FB230950035B5E3 /* MonthlyBudgetViewController.swift in Sources */ = {isa = PBXBuildFile; fileRef = D38EF9741FB230950035B5E3 /* MonthlyBudgetViewController.swift */; };
		D38EF97E1FB230950035B5E3 /* PlannedExpensesTableViewController.swift in Sources */ = {isa = PBXBuildFile; fileRef = D38EF9751FB230950035B5E3 /* PlannedExpensesTableViewController.swift */; };
		D38EF9811FB230950035B5E3 /* TransactionsDetailViewController.swift in Sources */ = {isa = PBXBuildFile; fileRef = D38EF9781FB230950035B5E3 /* TransactionsDetailViewController.swift */; };
		D38EF9831FB230950035B5E3 /* PlannedExpenseViewController.swift in Sources */ = {isa = PBXBuildFile; fileRef = D38EF97A1FB230950035B5E3 /* PlannedExpenseViewController.swift */; };
		D38EF9851FB238CB0035B5E3 /* Account.storyboard in Resources */ = {isa = PBXBuildFile; fileRef = D38EF9841FB238CB0035B5E3 /* Account.storyboard */; };
		D3DB42D21FB63555000D717B /* plannedExpenseTableViewCell.swift in Sources */ = {isa = PBXBuildFile; fileRef = D3DB42D11FB63555000D717B /* plannedExpenseTableViewCell.swift */; };
/* End PBXBuildFile section */

/* Begin PBXFileReference section */
		232CD3EB1FB4ED5200AAFE8C /* CategroyTableViewCell.swift */ = {isa = PBXFileReference; lastKnownFileType = sourcecode.swift; path = CategroyTableViewCell.swift; sourceTree = "<group>"; };
		23BEFDFC1FBD0D8300A37552 /* KeyBoardFunctions.swift */ = {isa = PBXFileReference; lastKnownFileType = sourcecode.swift; path = KeyBoardFunctions.swift; sourceTree = "<group>"; };
		23DD43031FB210FA008DCE5B /* PocketBook.app */ = {isa = PBXFileReference; explicitFileType = wrapper.application; includeInIndex = 0; path = PocketBook.app; sourceTree = BUILT_PRODUCTS_DIR; };
		23DD43061FB210FA008DCE5B /* AppDelegate.swift */ = {isa = PBXFileReference; lastKnownFileType = sourcecode.swift; path = AppDelegate.swift; sourceTree = "<group>"; };
		23DD430D1FB210FA008DCE5B /* Assets.xcassets */ = {isa = PBXFileReference; lastKnownFileType = folder.assetcatalog; path = Assets.xcassets; sourceTree = "<group>"; };
		23DD43101FB210FA008DCE5B /* Base */ = {isa = PBXFileReference; lastKnownFileType = file.storyboard; name = Base; path = Base.lproj/LaunchScreen.storyboard; sourceTree = "<group>"; };
		23DD43121FB210FA008DCE5B /* Info.plist */ = {isa = PBXFileReference; lastKnownFileType = text.plist.xml; path = Info.plist; sourceTree = "<group>"; };
		23DD431E1FB212DB008DCE5B /* Account.swift */ = {isa = PBXFileReference; lastKnownFileType = sourcecode.swift; path = Account.swift; sourceTree = "<group>"; };
		23DD43261FB227ED008DCE5B /* Transaction.swift */ = {isa = PBXFileReference; fileEncoding = 4; lastKnownFileType = sourcecode.swift; path = Transaction.swift; sourceTree = "<group>"; };
		23DD43281FB22805008DCE5B /* BudgetItem.swift */ = {isa = PBXFileReference; lastKnownFileType = sourcecode.swift; path = BudgetItem.swift; sourceTree = "<group>"; };
		23DD432A1FB22AD7008DCE5B /* PlannedExpense.swift */ = {isa = PBXFileReference; lastKnownFileType = sourcecode.swift; path = PlannedExpense.swift; sourceTree = "<group>"; };
		23DD432F1FB2396B008DCE5B /* PocketBook.entitlements */ = {isa = PBXFileReference; lastKnownFileType = text.plist.entitlements; path = PocketBook.entitlements; sourceTree = "<group>"; };
		23DD43311FB23972008DCE5B /* CloudKit.framework */ = {isa = PBXFileReference; lastKnownFileType = wrapper.framework; name = CloudKit.framework; path = System/Library/Frameworks/CloudKit.framework; sourceTree = SDKROOT; };
		23DD43391FB259BA008DCE5B /* AccountController.swift */ = {isa = PBXFileReference; fileEncoding = 4; lastKnownFileType = sourcecode.swift; path = AccountController.swift; sourceTree = "<group>"; };
		23DD433B1FB259DA008DCE5B /* TransactionContoller.swift */ = {isa = PBXFileReference; lastKnownFileType = sourcecode.swift; path = TransactionContoller.swift; sourceTree = "<group>"; };
		23DD433E1FB25A33008DCE5B /* CloudKitManager.swift */ = {isa = PBXFileReference; fileEncoding = 4; lastKnownFileType = sourcecode.swift; path = CloudKitManager.swift; sourceTree = "<group>"; };
		23DD43431FB263D4008DCE5B /* PlannedExpenseController.swift */ = {isa = PBXFileReference; lastKnownFileType = sourcecode.swift; path = PlannedExpenseController.swift; sourceTree = "<group>"; };
		23DD43451FB26E39008DCE5B /* BudgetItemController.swift */ = {isa = PBXFileReference; lastKnownFileType = sourcecode.swift; path = BudgetItemController.swift; sourceTree = "<group>"; };
		23DD43491FB27B00008DCE5B /* AccountTableViewController.swift */ = {isa = PBXFileReference; lastKnownFileType = sourcecode.swift; path = AccountTableViewController.swift; sourceTree = "<group>"; };
		23DD43811FB39C1F008DCE5B /* TransactionTableViewController.swift */ = {isa = PBXFileReference; lastKnownFileType = sourcecode.swift; path = TransactionTableViewController.swift; sourceTree = "<group>"; };
		23EE8A031FB65032008928D4 /* TransactionTableViewCell.swift */ = {isa = PBXFileReference; fileEncoding = 4; lastKnownFileType = sourcecode.swift; path = TransactionTableViewCell.swift; sourceTree = "<group>"; };
		9255C39F1FBA8024002EBE5D /* Theme.swift */ = {isa = PBXFileReference; lastKnownFileType = sourcecode.swift; path = Theme.swift; sourceTree = "<group>"; };
		9255C3A31FBB5DFB002EBE5D /* Globals.swift */ = {isa = PBXFileReference; lastKnownFileType = sourcecode.swift; path = Globals.swift; sourceTree = "<group>"; };
		9291F09B1FBA1AD700114CD1 /* Functions.swift */ = {isa = PBXFileReference; lastKnownFileType = sourcecode.swift; path = Functions.swift; sourceTree = "<group>"; };
		92993C4D1FB3AF0000D22373 /* LineGraphView.swift */ = {isa = PBXFileReference; lastKnownFileType = sourcecode.swift; path = LineGraphView.swift; sourceTree = "<group>"; };
		92993C4F1FB3AF2300D22373 /* PieChartView.swift */ = {isa = PBXFileReference; lastKnownFileType = sourcecode.swift; path = PieChartView.swift; sourceTree = "<group>"; };
		92993C801FB4C43100D22373 /* AnaylsisPageViewController.swift */ = {isa = PBXFileReference; lastKnownFileType = sourcecode.swift; path = AnaylsisPageViewController.swift; sourceTree = "<group>"; };
		92993C821FB4C44200D22373 /* PieChartViewController.swift */ = {isa = PBXFileReference; lastKnownFileType = sourcecode.swift; path = PieChartViewController.swift; sourceTree = "<group>"; };
		92993C841FB4C45600D22373 /* BudgetLineGraphViewController.swift */ = {isa = PBXFileReference; lastKnownFileType = sourcecode.swift; path = BudgetLineGraphViewController.swift; sourceTree = "<group>"; };
		92993C861FB4C46B00D22373 /* PlannedExpensesLineGraphViewController.swift */ = {isa = PBXFileReference; lastKnownFileType = sourcecode.swift; path = PlannedExpensesLineGraphViewController.swift; sourceTree = "<group>"; };
		92993C881FB4C58300D22373 /* Keys.swift */ = {isa = PBXFileReference; lastKnownFileType = sourcecode.swift; path = Keys.swift; sourceTree = "<group>"; };
		92993C8A1FB4E1FA00D22373 /* Notifications.swift */ = {isa = PBXFileReference; lastKnownFileType = sourcecode.swift; path = Notifications.swift; sourceTree = "<group>"; };
		92E6603E1FB5531500D871BE /* Test.swift */ = {isa = PBXFileReference; lastKnownFileType = sourcecode.swift; path = Test.swift; sourceTree = "<group>"; };
		D314F12F1FB379A70051C5BE /* OverviewTabBar.storyboard */ = {isa = PBXFileReference; lastKnownFileType = file.storyboard; path = OverviewTabBar.storyboard; sourceTree = "<group>"; };
		D314F1311FB37BC20051C5BE /* CustomTabBarViewController.swift */ = {isa = PBXFileReference; lastKnownFileType = sourcecode.swift; path = CustomTabBarViewController.swift; sourceTree = "<group>"; };
		D38EF95D1FB218610035B5E3 /* Transactions.storyboard */ = {isa = PBXFileReference; fileEncoding = 4; lastKnownFileType = file.storyboard; path = Transactions.storyboard; sourceTree = "<group>"; };
		D38EF95E1FB218610035B5E3 /* TransactionsDetailView.storyboard */ = {isa = PBXFileReference; fileEncoding = 4; lastKnownFileType = file.storyboard; path = TransactionsDetailView.storyboard; sourceTree = "<group>"; };
		D38EF95F1FB218610035B5E3 /* PlannedExpensesDetailView.storyboard */ = {isa = PBXFileReference; fileEncoding = 4; lastKnownFileType = file.storyboard; path = PlannedExpensesDetailView.storyboard; sourceTree = "<group>"; };
		D38EF9611FB218610035B5E3 /* Analysis.storyboard */ = {isa = PBXFileReference; fileEncoding = 4; lastKnownFileType = file.storyboard; path = Analysis.storyboard; sourceTree = "<group>"; };
		D38EF9621FB218610035B5E3 /* MonthlyBudget.storyboard */ = {isa = PBXFileReference; fileEncoding = 4; lastKnownFileType = file.storyboard; path = MonthlyBudget.storyboard; sourceTree = "<group>"; };
		D38EF9631FB218610035B5E3 /* PlannedExpenses.storyboard */ = {isa = PBXFileReference; fileEncoding = 4; lastKnownFileType = file.storyboard; path = PlannedExpenses.storyboard; sourceTree = "<group>"; };
		D38EF9641FB218610035B5E3 /* AccountDetails.storyboard */ = {isa = PBXFileReference; fileEncoding = 4; lastKnownFileType = file.storyboard; path = AccountDetails.storyboard; sourceTree = "<group>"; };
		D38EF9721FB230950035B5E3 /* AccountDetailsViewController.swift */ = {isa = PBXFileReference; fileEncoding = 4; lastKnownFileType = sourcecode.swift; path = AccountDetailsViewController.swift; sourceTree = "<group>"; };
		D38EF9741FB230950035B5E3 /* MonthlyBudgetViewController.swift */ = {isa = PBXFileReference; fileEncoding = 4; lastKnownFileType = sourcecode.swift; path = MonthlyBudgetViewController.swift; sourceTree = "<group>"; };
		D38EF9751FB230950035B5E3 /* PlannedExpensesTableViewController.swift */ = {isa = PBXFileReference; fileEncoding = 4; lastKnownFileType = sourcecode.swift; path = PlannedExpensesTableViewController.swift; sourceTree = "<group>"; };
		D38EF9781FB230950035B5E3 /* TransactionsDetailViewController.swift */ = {isa = PBXFileReference; fileEncoding = 4; lastKnownFileType = sourcecode.swift; path = TransactionsDetailViewController.swift; sourceTree = "<group>"; };
		D38EF97A1FB230950035B5E3 /* PlannedExpenseViewController.swift */ = {isa = PBXFileReference; fileEncoding = 4; lastKnownFileType = sourcecode.swift; path = PlannedExpenseViewController.swift; sourceTree = "<group>"; };
		D38EF9841FB238CB0035B5E3 /* Account.storyboard */ = {isa = PBXFileReference; lastKnownFileType = file.storyboard; path = Account.storyboard; sourceTree = "<group>"; };
		D3DB42D11FB63555000D717B /* plannedExpenseTableViewCell.swift */ = {isa = PBXFileReference; lastKnownFileType = sourcecode.swift; name = plannedExpenseTableViewCell.swift; path = PocketBook/Views/plannedExpenseTableViewCell.swift; sourceTree = SOURCE_ROOT; };
/* End PBXFileReference section */

/* Begin PBXFrameworksBuildPhase section */
		23DD43001FB210FA008DCE5B /* Frameworks */ = {
			isa = PBXFrameworksBuildPhase;
			buildActionMask = 2147483647;
			files = (
				23DD43321FB23972008DCE5B /* CloudKit.framework in Frameworks */,
			);
			runOnlyForDeploymentPostprocessing = 0;
		};
/* End PBXFrameworksBuildPhase section */

/* Begin PBXGroup section */
		23DD42FA1FB210FA008DCE5B = {
			isa = PBXGroup;
			children = (
				23DD43051FB210FA008DCE5B /* PocketBook */,
				23DD43041FB210FA008DCE5B /* Products */,
				23DD43371FB2539F008DCE5B /* Recovered References */,
			);
			sourceTree = "<group>";
		};
		23DD43041FB210FA008DCE5B /* Products */ = {
			isa = PBXGroup;
			children = (
				23DD43031FB210FA008DCE5B /* PocketBook.app */,
			);
			name = Products;
			sourceTree = "<group>";
		};
		23DD43051FB210FA008DCE5B /* PocketBook */ = {
			isa = PBXGroup;
			children = (
				92993C4A1FB3936C00D22373 /* Helper */,
				23DD432F1FB2396B008DCE5B /* PocketBook.entitlements */,
				23DD431A1FB2126A008DCE5B /* Models */,
				23DD43381FB259BA008DCE5B /* Model Controller */,
				D38EF96F1FB22FBB0035B5E3 /* View Controllers */,
				D38EF9861FB240850035B5E3 /* Views */,
				23DD43191FB21253008DCE5B /* Storyboard */,
				23DD433D1FB25A33008DCE5B /* Other Controller */,
				23DD43181FB21250008DCE5B /* Resources */,
			);
			path = PocketBook;
			sourceTree = "<group>";
		};
		23DD43181FB21250008DCE5B /* Resources */ = {
			isa = PBXGroup;
			children = (
				23DD43061FB210FA008DCE5B /* AppDelegate.swift */,
				23DD430D1FB210FA008DCE5B /* Assets.xcassets */,
				23DD43121FB210FA008DCE5B /* Info.plist */,
			);
			path = Resources;
			sourceTree = "<group>";
		};
		23DD43191FB21253008DCE5B /* Storyboard */ = {
			isa = PBXGroup;
			children = (
				D38EF9841FB238CB0035B5E3 /* Account.storyboard */,
				D38EF9641FB218610035B5E3 /* AccountDetails.storyboard */,
				D38EF9611FB218610035B5E3 /* Analysis.storyboard */,
				D38EF95D1FB218610035B5E3 /* Transactions.storyboard */,
				D38EF95E1FB218610035B5E3 /* TransactionsDetailView.storyboard */,
				D38EF9621FB218610035B5E3 /* MonthlyBudget.storyboard */,
				D38EF9631FB218610035B5E3 /* PlannedExpenses.storyboard */,
				D38EF95F1FB218610035B5E3 /* PlannedExpensesDetailView.storyboard */,
				23DD430F1FB210FA008DCE5B /* LaunchScreen.storyboard */,
				D314F12F1FB379A70051C5BE /* OverviewTabBar.storyboard */,
			);
			path = Storyboard;
			sourceTree = "<group>";
		};
		23DD431A1FB2126A008DCE5B /* Models */ = {
			isa = PBXGroup;
			children = (
				23DD43261FB227ED008DCE5B /* Transaction.swift */,
				23DD431E1FB212DB008DCE5B /* Account.swift */,
				23DD43281FB22805008DCE5B /* BudgetItem.swift */,
				23DD432A1FB22AD7008DCE5B /* PlannedExpense.swift */,
			);
			path = Models;
			sourceTree = "<group>";
		};
		23DD43371FB2539F008DCE5B /* Recovered References */ = {
			isa = PBXGroup;
			children = (
				23DD43311FB23972008DCE5B /* CloudKit.framework */,
			);
			name = "Recovered References";
			sourceTree = "<group>";
		};
		23DD43381FB259BA008DCE5B /* Model Controller */ = {
			isa = PBXGroup;
			children = (
				23DD43391FB259BA008DCE5B /* AccountController.swift */,
				23DD433B1FB259DA008DCE5B /* TransactionContoller.swift */,
				23DD43431FB263D4008DCE5B /* PlannedExpenseController.swift */,
				23DD43451FB26E39008DCE5B /* BudgetItemController.swift */,
			);
			path = "Model Controller";
			sourceTree = "<group>";
		};
		23DD433D1FB25A33008DCE5B /* Other Controller */ = {
			isa = PBXGroup;
			children = (
				23DD433E1FB25A33008DCE5B /* CloudKitManager.swift */,
			);
			path = "Other Controller";
			sourceTree = "<group>";
		};
		92993C4A1FB3936C00D22373 /* Helper */ = {
			isa = PBXGroup;
			children = (
				92993C4D1FB3AF0000D22373 /* LineGraphView.swift */,
				92993C4F1FB3AF2300D22373 /* PieChartView.swift */,
				92993C881FB4C58300D22373 /* Keys.swift */,
				92993C8A1FB4E1FA00D22373 /* Notifications.swift */,
				92E6603E1FB5531500D871BE /* Test.swift */,
				9291F09B1FBA1AD700114CD1 /* Functions.swift */,
				9255C39F1FBA8024002EBE5D /* Theme.swift */,
				9255C3A31FBB5DFB002EBE5D /* Globals.swift */,
				23BEFDFC1FBD0D8300A37552 /* KeyBoardFunctions.swift */,
			);
			path = Helper;
			sourceTree = "<group>";
		};
		92993C7F1FB4C3EE00D22373 /* Analysis ViewControllers */ = {
			isa = PBXGroup;
			children = (
				92993C801FB4C43100D22373 /* AnaylsisPageViewController.swift */,
				92993C821FB4C44200D22373 /* PieChartViewController.swift */,
				92993C841FB4C45600D22373 /* BudgetLineGraphViewController.swift */,
				92993C861FB4C46B00D22373 /* PlannedExpensesLineGraphViewController.swift */,
			);
			path = "Analysis ViewControllers";
			sourceTree = "<group>";
		};
		D38EF96F1FB22FBB0035B5E3 /* View Controllers */ = {
			isa = PBXGroup;
			children = (
				92993C7F1FB4C3EE00D22373 /* Analysis ViewControllers */,
				23DD43491FB27B00008DCE5B /* AccountTableViewController.swift */,
				D38EF9721FB230950035B5E3 /* AccountDetailsViewController.swift */,
				D38EF9741FB230950035B5E3 /* MonthlyBudgetViewController.swift */,
				D38EF9751FB230950035B5E3 /* PlannedExpensesTableViewController.swift */,
				D38EF97A1FB230950035B5E3 /* PlannedExpenseViewController.swift */,
				D38EF9781FB230950035B5E3 /* TransactionsDetailViewController.swift */,
				D314F1311FB37BC20051C5BE /* CustomTabBarViewController.swift */,
				23DD43811FB39C1F008DCE5B /* TransactionTableViewController.swift */,
			);
			path = "View Controllers";
			sourceTree = "<group>";
		};
		D38EF9861FB240850035B5E3 /* Views */ = {
			isa = PBXGroup;
			children = (
				232CD3EB1FB4ED5200AAFE8C /* CategroyTableViewCell.swift */,
				23EE8A031FB65032008928D4 /* TransactionTableViewCell.swift */,
				D3DB42D11FB63555000D717B /* plannedExpenseTableViewCell.swift */,
			);
			path = Views;
			sourceTree = "<group>";
		};
/* End PBXGroup section */

/* Begin PBXNativeTarget section */
		23DD43021FB210FA008DCE5B /* PocketBook */ = {
			isa = PBXNativeTarget;
			buildConfigurationList = 23DD43151FB210FA008DCE5B /* Build configuration list for PBXNativeTarget "PocketBook" */;
			buildPhases = (
				23DD42FF1FB210FA008DCE5B /* Sources */,
				23DD43001FB210FA008DCE5B /* Frameworks */,
				23DD43011FB210FA008DCE5B /* Resources */,
			);
			buildRules = (
			);
			dependencies = (
			);
			name = PocketBook;
			productName = PocketBook;
			productReference = 23DD43031FB210FA008DCE5B /* PocketBook.app */;
			productType = "com.apple.product-type.application";
		};
/* End PBXNativeTarget section */

/* Begin PBXProject section */
		23DD42FB1FB210FA008DCE5B /* Project object */ = {
			isa = PBXProject;
			attributes = {
				LastSwiftUpdateCheck = 0910;
				LastUpgradeCheck = 0910;
				ORGANIZATIONNAME = SPARQ;
				TargetAttributes = {
					23DD43021FB210FA008DCE5B = {
						CreatedOnToolsVersion = 9.1;
						ProvisioningStyle = Automatic;
						SystemCapabilities = {
							com.apple.Push = {
								enabled = 1;
							};
							com.apple.iCloud = {
								enabled = 1;
							};
						};
					};
				};
			};
			buildConfigurationList = 23DD42FE1FB210FA008DCE5B /* Build configuration list for PBXProject "PocketBook" */;
			compatibilityVersion = "Xcode 8.0";
			developmentRegion = en;
			hasScannedForEncodings = 0;
			knownRegions = (
				en,
				Base,
			);
			mainGroup = 23DD42FA1FB210FA008DCE5B;
			productRefGroup = 23DD43041FB210FA008DCE5B /* Products */;
			projectDirPath = "";
			projectRoot = "";
			targets = (
				23DD43021FB210FA008DCE5B /* PocketBook */,
			);
		};
/* End PBXProject section */

/* Begin PBXResourcesBuildPhase section */
		23DD43011FB210FA008DCE5B /* Resources */ = {
			isa = PBXResourcesBuildPhase;
			buildActionMask = 2147483647;
			files = (
				23DD43111FB210FA008DCE5B /* LaunchScreen.storyboard in Resources */,
				D38EF96B1FB218620035B5E3 /* PlannedExpenses.storyboard in Resources */,
				D38EF9661FB218620035B5E3 /* TransactionsDetailView.storyboard in Resources */,
				23DD430E1FB210FA008DCE5B /* Assets.xcassets in Resources */,
				D314F1301FB379A70051C5BE /* OverviewTabBar.storyboard in Resources */,
				D38EF9851FB238CB0035B5E3 /* Account.storyboard in Resources */,
				D38EF96A1FB218620035B5E3 /* MonthlyBudget.storyboard in Resources */,
				D38EF9671FB218620035B5E3 /* PlannedExpensesDetailView.storyboard in Resources */,
				D38EF96C1FB218620035B5E3 /* AccountDetails.storyboard in Resources */,
				D38EF9691FB218620035B5E3 /* Analysis.storyboard in Resources */,
				D38EF9651FB218620035B5E3 /* Transactions.storyboard in Resources */,
			);
			runOnlyForDeploymentPostprocessing = 0;
		};
/* End PBXResourcesBuildPhase section */

/* Begin PBXSourcesBuildPhase section */
		23DD42FF1FB210FA008DCE5B /* Sources */ = {
			isa = PBXSourcesBuildPhase;
			buildActionMask = 2147483647;
			files = (
				23BEFDFD1FBD0D8300A37552 /* KeyBoardFunctions.swift in Sources */,
				D38EF9831FB230950035B5E3 /* PlannedExpenseViewController.swift in Sources */,
				23EE8A041FB65032008928D4 /* TransactionTableViewCell.swift in Sources */,
				92993C8B1FB4E1FA00D22373 /* Notifications.swift in Sources */,
				92993C4E1FB3AF0000D22373 /* LineGraphView.swift in Sources */,
				23DD43071FB210FA008DCE5B /* AppDelegate.swift in Sources */,
				92993C871FB4C46B00D22373 /* PlannedExpensesLineGraphViewController.swift in Sources */,
				23DD43291FB22805008DCE5B /* BudgetItem.swift in Sources */,
				92993C811FB4C43100D22373 /* AnaylsisPageViewController.swift in Sources */,
				92993C501FB3AF2300D22373 /* PieChartView.swift in Sources */,
				23DD433F1FB25A33008DCE5B /* CloudKitManager.swift in Sources */,
				23DD43821FB39C1F008DCE5B /* TransactionTableViewController.swift in Sources */,
				23DD434A1FB27B00008DCE5B /* AccountTableViewController.swift in Sources */,
				23DD43461FB26E39008DCE5B /* BudgetItemController.swift in Sources */,
				D38EF97E1FB230950035B5E3 /* PlannedExpensesTableViewController.swift in Sources */,
				23DD431F1FB212DB008DCE5B /* Account.swift in Sources */,
				23DD43441FB263D4008DCE5B /* PlannedExpenseController.swift in Sources */,
				23DD433A1FB259BA008DCE5B /* AccountController.swift in Sources */,
				92E6603F1FB5531500D871BE /* Test.swift in Sources */,
				D38EF9811FB230950035B5E3 /* TransactionsDetailViewController.swift in Sources */,
				D38EF97D1FB230950035B5E3 /* MonthlyBudgetViewController.swift in Sources */,
				23DD43271FB227ED008DCE5B /* Transaction.swift in Sources */,
				232CD3EC1FB4ED5200AAFE8C /* CategroyTableViewCell.swift in Sources */,
				D3DB42D21FB63555000D717B /* plannedExpenseTableViewCell.swift in Sources */,
				92993C851FB4C45600D22373 /* BudgetLineGraphViewController.swift in Sources */,
				9291F09C1FBA1AD700114CD1 /* Functions.swift in Sources */,
				23DD433C1FB259DA008DCE5B /* TransactionContoller.swift in Sources */,
				23DD432B1FB22AD7008DCE5B /* PlannedExpense.swift in Sources */,
				D38EF97B1FB230950035B5E3 /* AccountDetailsViewController.swift in Sources */,
				92993C831FB4C44200D22373 /* PieChartViewController.swift in Sources */,
				92993C891FB4C58300D22373 /* Keys.swift in Sources */,
				D314F1321FB37BC20051C5BE /* CustomTabBarViewController.swift in Sources */,
				9255C3A41FBB5DFB002EBE5D /* Globals.swift in Sources */,
				9255C3A01FBA8024002EBE5D /* Theme.swift in Sources */,
			);
			runOnlyForDeploymentPostprocessing = 0;
		};
/* End PBXSourcesBuildPhase section */

/* Begin PBXVariantGroup section */
		23DD430F1FB210FA008DCE5B /* LaunchScreen.storyboard */ = {
			isa = PBXVariantGroup;
			children = (
				23DD43101FB210FA008DCE5B /* Base */,
			);
			name = LaunchScreen.storyboard;
			sourceTree = "<group>";
		};
/* End PBXVariantGroup section */

/* Begin XCBuildConfiguration section */
		23DD43131FB210FA008DCE5B /* Debug */ = {
			isa = XCBuildConfiguration;
			buildSettings = {
				ALWAYS_SEARCH_USER_PATHS = NO;
				CLANG_ANALYZER_NONNULL = YES;
				CLANG_ANALYZER_NUMBER_OBJECT_CONVERSION = YES_AGGRESSIVE;
				CLANG_CXX_LANGUAGE_STANDARD = "gnu++14";
				CLANG_CXX_LIBRARY = "libc++";
				CLANG_ENABLE_MODULES = YES;
				CLANG_ENABLE_OBJC_ARC = YES;
				CLANG_WARN_BLOCK_CAPTURE_AUTORELEASING = YES;
				CLANG_WARN_BOOL_CONVERSION = YES;
				CLANG_WARN_COMMA = YES;
				CLANG_WARN_CONSTANT_CONVERSION = YES;
				CLANG_WARN_DIRECT_OBJC_ISA_USAGE = YES_ERROR;
				CLANG_WARN_DOCUMENTATION_COMMENTS = YES;
				CLANG_WARN_EMPTY_BODY = YES;
				CLANG_WARN_ENUM_CONVERSION = YES;
				CLANG_WARN_INFINITE_RECURSION = YES;
				CLANG_WARN_INT_CONVERSION = YES;
				CLANG_WARN_NON_LITERAL_NULL_CONVERSION = YES;
				CLANG_WARN_OBJC_LITERAL_CONVERSION = YES;
				CLANG_WARN_OBJC_ROOT_CLASS = YES_ERROR;
				CLANG_WARN_RANGE_LOOP_ANALYSIS = YES;
				CLANG_WARN_STRICT_PROTOTYPES = YES;
				CLANG_WARN_SUSPICIOUS_MOVE = YES;
				CLANG_WARN_UNGUARDED_AVAILABILITY = YES_AGGRESSIVE;
				CLANG_WARN_UNREACHABLE_CODE = YES;
				CLANG_WARN__DUPLICATE_METHOD_MATCH = YES;
				CODE_SIGN_IDENTITY = "iPhone Developer";
				COPY_PHASE_STRIP = NO;
				DEBUG_INFORMATION_FORMAT = dwarf;
				ENABLE_STRICT_OBJC_MSGSEND = YES;
				ENABLE_TESTABILITY = YES;
				GCC_C_LANGUAGE_STANDARD = gnu11;
				GCC_DYNAMIC_NO_PIC = NO;
				GCC_NO_COMMON_BLOCKS = YES;
				GCC_OPTIMIZATION_LEVEL = 0;
				GCC_PREPROCESSOR_DEFINITIONS = (
					"DEBUG=1",
					"$(inherited)",
				);
				GCC_WARN_64_TO_32_BIT_CONVERSION = YES;
				GCC_WARN_ABOUT_RETURN_TYPE = YES_ERROR;
				GCC_WARN_UNDECLARED_SELECTOR = YES;
				GCC_WARN_UNINITIALIZED_AUTOS = YES_AGGRESSIVE;
				GCC_WARN_UNUSED_FUNCTION = YES;
				GCC_WARN_UNUSED_VARIABLE = YES;
				IPHONEOS_DEPLOYMENT_TARGET = 11.1;
				MTL_ENABLE_DEBUG_INFO = YES;
				ONLY_ACTIVE_ARCH = YES;
				SDKROOT = iphoneos;
				SWIFT_ACTIVE_COMPILATION_CONDITIONS = DEBUG;
				SWIFT_OPTIMIZATION_LEVEL = "-Onone";
			};
			name = Debug;
		};
		23DD43141FB210FA008DCE5B /* Release */ = {
			isa = XCBuildConfiguration;
			buildSettings = {
				ALWAYS_SEARCH_USER_PATHS = NO;
				CLANG_ANALYZER_NONNULL = YES;
				CLANG_ANALYZER_NUMBER_OBJECT_CONVERSION = YES_AGGRESSIVE;
				CLANG_CXX_LANGUAGE_STANDARD = "gnu++14";
				CLANG_CXX_LIBRARY = "libc++";
				CLANG_ENABLE_MODULES = YES;
				CLANG_ENABLE_OBJC_ARC = YES;
				CLANG_WARN_BLOCK_CAPTURE_AUTORELEASING = YES;
				CLANG_WARN_BOOL_CONVERSION = YES;
				CLANG_WARN_COMMA = YES;
				CLANG_WARN_CONSTANT_CONVERSION = YES;
				CLANG_WARN_DIRECT_OBJC_ISA_USAGE = YES_ERROR;
				CLANG_WARN_DOCUMENTATION_COMMENTS = YES;
				CLANG_WARN_EMPTY_BODY = YES;
				CLANG_WARN_ENUM_CONVERSION = YES;
				CLANG_WARN_INFINITE_RECURSION = YES;
				CLANG_WARN_INT_CONVERSION = YES;
				CLANG_WARN_NON_LITERAL_NULL_CONVERSION = YES;
				CLANG_WARN_OBJC_LITERAL_CONVERSION = YES;
				CLANG_WARN_OBJC_ROOT_CLASS = YES_ERROR;
				CLANG_WARN_RANGE_LOOP_ANALYSIS = YES;
				CLANG_WARN_STRICT_PROTOTYPES = YES;
				CLANG_WARN_SUSPICIOUS_MOVE = YES;
				CLANG_WARN_UNGUARDED_AVAILABILITY = YES_AGGRESSIVE;
				CLANG_WARN_UNREACHABLE_CODE = YES;
				CLANG_WARN__DUPLICATE_METHOD_MATCH = YES;
				CODE_SIGN_IDENTITY = "iPhone Developer";
				COPY_PHASE_STRIP = NO;
				DEBUG_INFORMATION_FORMAT = "dwarf-with-dsym";
				ENABLE_NS_ASSERTIONS = NO;
				ENABLE_STRICT_OBJC_MSGSEND = YES;
				GCC_C_LANGUAGE_STANDARD = gnu11;
				GCC_NO_COMMON_BLOCKS = YES;
				GCC_WARN_64_TO_32_BIT_CONVERSION = YES;
				GCC_WARN_ABOUT_RETURN_TYPE = YES_ERROR;
				GCC_WARN_UNDECLARED_SELECTOR = YES;
				GCC_WARN_UNINITIALIZED_AUTOS = YES_AGGRESSIVE;
				GCC_WARN_UNUSED_FUNCTION = YES;
				GCC_WARN_UNUSED_VARIABLE = YES;
				IPHONEOS_DEPLOYMENT_TARGET = 11.1;
				MTL_ENABLE_DEBUG_INFO = NO;
				SDKROOT = iphoneos;
				SWIFT_OPTIMIZATION_LEVEL = "-Owholemodule";
				VALIDATE_PRODUCT = YES;
			};
			name = Release;
		};
		23DD43161FB210FA008DCE5B /* Debug */ = {
			isa = XCBuildConfiguration;
			buildSettings = {
				ASSETCATALOG_COMPILER_APPICON_NAME = AppIcon;
				CODE_SIGN_ENTITLEMENTS = PocketBook/PocketBook.entitlements;
				CODE_SIGN_STYLE = Automatic;
				DEVELOPMENT_TEAM = RE524LJXV2;
				INFOPLIST_FILE = "$(SRCROOT)/PocketBook/Resources/Info.plist";
				IPHONEOS_DEPLOYMENT_TARGET = 10.0;
				LD_RUNPATH_SEARCH_PATHS = "$(inherited) @executable_path/Frameworks";
				PRODUCT_BUNDLE_IDENTIFIER = com.Austin.PocketBook;
				PRODUCT_NAME = "$(TARGET_NAME)";
				SWIFT_REFLECTION_METADATA_LEVEL = none;
				SWIFT_VERSION = 4.0;
				TARGETED_DEVICE_FAMILY = "1,2";
			};
			name = Debug;
		};
		23DD43171FB210FA008DCE5B /* Release */ = {
			isa = XCBuildConfiguration;
			buildSettings = {
				ASSETCATALOG_COMPILER_APPICON_NAME = AppIcon;
				CODE_SIGN_ENTITLEMENTS = PocketBook/PocketBook.entitlements;
				CODE_SIGN_STYLE = Automatic;
				DEVELOPMENT_TEAM = RE524LJXV2;
				INFOPLIST_FILE = "$(SRCROOT)/PocketBook/Resources/Info.plist";
				IPHONEOS_DEPLOYMENT_TARGET = 10.0;
				LD_RUNPATH_SEARCH_PATHS = "$(inherited) @executable_path/Frameworks";
				PRODUCT_BUNDLE_IDENTIFIER = com.Austin.PocketBook;
				PRODUCT_NAME = "$(TARGET_NAME)";
				SWIFT_REFLECTION_METADATA_LEVEL = none;
				SWIFT_VERSION = 4.0;
				TARGETED_DEVICE_FAMILY = "1,2";
			};
			name = Release;
		};
/* End XCBuildConfiguration section */

/* Begin XCConfigurationList section */
		23DD42FE1FB210FA008DCE5B /* Build configuration list for PBXProject "PocketBook" */ = {
			isa = XCConfigurationList;
			buildConfigurations = (
				23DD43131FB210FA008DCE5B /* Debug */,
				23DD43141FB210FA008DCE5B /* Release */,
			);
			defaultConfigurationIsVisible = 0;
			defaultConfigurationName = Release;
		};
		23DD43151FB210FA008DCE5B /* Build configuration list for PBXNativeTarget "PocketBook" */ = {
			isa = XCConfigurationList;
			buildConfigurations = (
				23DD43161FB210FA008DCE5B /* Debug */,
				23DD43171FB210FA008DCE5B /* Release */,
			);
			defaultConfigurationIsVisible = 0;
			defaultConfigurationName = Release;
		};
/* End XCConfigurationList section */
	};
	rootObject = 23DD42FB1FB210FA008DCE5B /* Project object */;
}
